{
    "_readme": [
        "This file locks the dependencies of your project to a known state",
        "Read more about it at https://getcomposer.org/doc/01-basic-usage.md#installing-dependencies",
        "This file is @generated automatically"
    ],
    "content-hash": "f3a4bb0b946519b18daeb18b45e1538c",
    "packages": [
        {
            "name": "mk-j/php_xlsxwriter",
            "version": "0.37",
            "source": {
                "type": "git",
                "url": "https://github.com/mk-j/PHP_XLSXWriter.git",
                "reference": "c4ba6023fcd49578062e35ed6af3e205dd50a903"
            },
            "dist": {
                "type": "zip",
                "url": "https://api.github.com/repos/mk-j/PHP_XLSXWriter/zipball/c4ba6023fcd49578062e35ed6af3e205dd50a903",
                "reference": "c4ba6023fcd49578062e35ed6af3e205dd50a903",
                "shasum": ""
            },
            "require": {
                "ext-zip": "*",
                "php": ">=5.2.1"
            },
            "require-dev": {
                "phpunit/phpunit": "4.3.*"
            },
            "type": "project",
            "autoload": {
                "classmap": [
                    "xlsxwriter.class.php"
                ]
            },
            "notification-url": "https://packagist.org/downloads/",
            "license": [
                "MIT"
            ],
            "description": "PHP Library to write XLSX files",
            "homepage": "https://github.com/mk-j/PHP_XLSXWriter",
            "keywords": [
                "excel",
                "library",
                "php",
                "xls",
                "xlsx"
            ],
            "time": "2018-01-11T08:03:56+00:00"
        },
        {
            "name": "php-activerecord/php-activerecord",
            "version": "v1.2.0",
            "source": {
                "type": "git",
                "url": "https://github.com/jpfuentes2/php-activerecord.git",
                "reference": "e6d2dad090617336dee730190be0294c5f132c69"
            },
            "dist": {
                "type": "zip",
                "url": "https://api.github.com/repos/jpfuentes2/php-activerecord/zipball/e6d2dad090617336dee730190be0294c5f132c69",
                "reference": "e6d2dad090617336dee730190be0294c5f132c69",
                "shasum": ""
            },
            "require": {
                "php": ">=5.3.0"
            },
            "require-dev": {
                "pear/log": "~1.12",
                "pear/pear_exception": "1.0-beta1",
                "phpunit/phpunit": "4.*"
            },
            "type": "library",
            "autoload": {
                "files": [
                    "ActiveRecord.php"
                ]
            },
            "notification-url": "https://packagist.org/downloads/",
            "license": [
                "MIT"
            ],
            "description": "php-activerecord is an open source ORM library based on the ActiveRecord pattern.",
            "homepage": "http://www.phpactiverecord.org/",
            "keywords": [
                "activerecord",
                "orm"
            ],
            "time": "2017-06-11T22:05:37+00:00"
        }
    ],
    "packages-dev": [],
    "aliases": [],
    "minimum-stability": "stable",
    "stability-flags": [],
    "prefer-stable": false,
    "prefer-lowest": false,
    "platform": [],
    "platform-dev": []
}
